
Microsoft Visual Studio Solution File, Format Version 12.00
# Visual Studio 15
VisualStudioVersion = 15.0.28307.572
MinimumVisualStudioVersion = 10.0.40219.1
Project("{FAE04EC0-301F-11D3-BF4B-00C04F79EFBC}") = "AngularRecipe", "AngularRecipe\AngularRecipe.csproj", "{3FFA759A-FD3D-4A06-A431-FB432D8DCAAF}"
EndProject
Global
	GlobalSection(SolutionConfigurationPlatforms) = preSolution
		Debug|Any CPU = Debug|Any CPU
		Release|Any CPU = Release|Any CPU
	EndGlobalSection
	GlobalSection(ProjectConfigurationPlatforms) = postSolution
		{3FFA759A-FD3D-4A06-A431-FB432D8DCAAF}.Debug|Any CPU.ActiveCfg = Debug|Any CPU
		{3FFA759A-FD3D-4A06-A431-FB432D8DCAAF}.Debug|Any CPU.Build.0 = Debug|Any CPU
		{3FFA759A-FD3D-4A06-A431-FB432D8DCAAF}.Release|Any CPU.ActiveCfg = Release|Any CPU
		{3FFA759A-FD3D-4A06-A431-FB432D8DCAAF}.Release|Any CPU.Build.0 = Release|Any CPU
	EndGlobalSection
	GlobalSection(SolutionProperties) = preSolution
		HideSolutionNode = FALSE
	EndGlobalSection
	GlobalSection(ExtensibilityGlobals) = postSolution
		SolutionGuid = {AD0228C6-AF52-4B7A-A2BD-EC63C8CF2B7E}
	EndGlobalSection
EndGlobal
